
Microsoft Visual Studio Solution File, Format Version 12.00
# Visual Studio 15
VisualStudioVersion = 15.0.27004.2006
MinimumVisualStudioVersion = 10.0.40219.1
Project("{FAE04EC0-301F-11D3-BF4B-00C04F79EFBC}") = "DynamicSQLParser", "ConsoleApp1\DynamicSQLParser.csproj", "{11710B4D-21B8-42BC-B128-6DF2B380A352}"
EndProject
Global
	GlobalSection(SolutionConfigurationPlatforms) = preSolution
		Debug|Any CPU = Debug|Any CPU
		Release|Any CPU = Release|Any CPU
	EndGlobalSection
	GlobalSection(ProjectConfigurationPlatforms) = postSolution
		{11710B4D-21B8-42BC-B128-6DF2B380A352}.Debug|Any CPU.ActiveCfg = Debug|Any CPU
		{11710B4D-21B8-42BC-B128-6DF2B380A352}.Debug|Any CPU.Build.0 = Debug|Any CPU
		{11710B4D-21B8-42BC-B128-6DF2B380A352}.Release|Any CPU.ActiveCfg = Release|Any CPU
		{11710B4D-21B8-42BC-B128-6DF2B380A352}.Release|Any CPU.Build.0 = Release|Any CPU
	EndGlobalSection
	GlobalSection(SolutionProperties) = preSolution
		HideSolutionNode = FALSE
	EndGlobalSection
	GlobalSection(ExtensibilityGlobals) = postSolution
		SolutionGuid = {E9061A1F-519C-4CFD-83CA-CF2CEB05300C}
	EndGlobalSection
EndGlobal
